Microsoft Visual Studio Solution File, Format Version 12.00
# Visual Studio 14
VisualStudioVersion = 14.0.25420.1
MinimumVisualStudioVersion = 10.0.40219.1
Project("{FAE04EC0-301F-11D3-BF4B-00C04F79EFBC}") = "Core", "MonsterInc\Core.csproj", "{5E7EB5A1-D5A8-4134-87A4-100010D1D169}"
EndProject
Project("{FAE04EC0-301F-11D3-BF4B-00C04F79EFBC}") = "MonsterIncWPF", "MonsterIncWPF\MonsterIncWPF.csproj", "{BC7D840F-F9FF-4E98-8C93-E031D46CFC76}"
	ProjectSection(ProjectDependencies) = postProject
		{5E7EB5A1-D5A8-4134-87A4-100010D1D169} = {5E7EB5A1-D5A8-4134-87A4-100010D1D169}
	EndProjectSection
EndProject
Project("{FAE04EC0-301F-11D3-BF4B-00C04F79EFBC}") = "UnitTest", "UnitTest\UnitTest.csproj", "{EB265A2C-4F18-443B-8B32-6B3862A5DE36}"
EndProject
Project("{FAE04EC0-301F-11D3-BF4B-00C04F79EFBC}") = "MonsterIncConsole", "MonsterIncConsole\MonsterIncConsole.csproj", "{6801DAD0-69E8-418C-843A-E76E3A8FFABE}"
EndProject
Global
	GlobalSection(SolutionConfigurationPlatforms) = preSolution
		Debug|Any CPU = Debug|Any CPU
		Debug|x86 = Debug|x86
		Release|Any CPU = Release|Any CPU
		Release|x86 = Release|x86
	EndGlobalSection
	GlobalSection(ProjectConfigurationPlatforms) = postSolution
		{5E7EB5A1-D5A8-4134-87A4-100010D1D169}.Debug|Any CPU.ActiveCfg = Debug|x86
		{5E7EB5A1-D5A8-4134-87A4-100010D1D169}.Debug|x86.ActiveCfg = Debug|x86
		{5E7EB5A1-D5A8-4134-87A4-100010D1D169}.Debug|x86.Build.0 = Debug|x86
		{5E7EB5A1-D5A8-4134-87A4-100010D1D169}.Release|Any CPU.ActiveCfg = Release|x86
		{5E7EB5A1-D5A8-4134-87A4-100010D1D169}.Release|x86.ActiveCfg = Release|x86
		{5E7EB5A1-D5A8-4134-87A4-100010D1D169}.Release|x86.Build.0 = Release|x86
		{BC7D840F-F9FF-4E98-8C93-E031D46CFC76}.Debug|Any CPU.ActiveCfg = Debug|Any CPU
		{BC7D840F-F9FF-4E98-8C93-E031D46CFC76}.Debug|Any CPU.Build.0 = Debug|Any CPU
		{BC7D840F-F9FF-4E98-8C93-E031D46CFC76}.Debug|x86.ActiveCfg = Debug|Any CPU
		{BC7D840F-F9FF-4E98-8C93-E031D46CFC76}.Debug|x86.Build.0 = Debug|Any CPU
		{BC7D840F-F9FF-4E98-8C93-E031D46CFC76}.Release|Any CPU.ActiveCfg = Release|Any CPU
		{BC7D840F-F9FF-4E98-8C93-E031D46CFC76}.Release|Any CPU.Build.0 = Release|Any CPU
		{BC7D840F-F9FF-4E98-8C93-E031D46CFC76}.Release|x86.ActiveCfg = Release|Any CPU
		{BC7D840F-F9FF-4E98-8C93-E031D46CFC76}.Release|x86.Build.0 = Release|Any CPU
		{EB265A2C-4F18-443B-8B32-6B3862A5DE36}.Debug|Any CPU.ActiveCfg = Debug|Any CPU
		{EB265A2C-4F18-443B-8B32-6B3862A5DE36}.Debug|Any CPU.Build.0 = Debug|Any CPU
		{EB265A2C-4F18-443B-8B32-6B3862A5DE36}.Debug|x86.ActiveCfg = Debug|Any CPU
		{EB265A2C-4F18-443B-8B32-6B3862A5DE36}.Debug|x86.Build.0 = Debug|Any CPU
		{EB265A2C-4F18-443B-8B32-6B3862A5DE36}.Release|Any CPU.ActiveCfg = Release|Any CPU
		{EB265A2C-4F18-443B-8B32-6B3862A5DE36}.Release|Any CPU.Build.0 = Release|Any CPU
		{EB265A2C-4F18-443B-8B32-6B3862A5DE36}.Release|x86.ActiveCfg = Release|Any CPU
		{EB265A2C-4F18-443B-8B32-6B3862A5DE36}.Release|x86.Build.0 = Release|Any CPU
		{6801DAD0-69E8-418C-843A-E76E3A8FFABE}.Debug|Any CPU.ActiveCfg = Debug|Any CPU
		{6801DAD0-69E8-418C-843A-E76E3A8FFABE}.Debug|Any CPU.Build.0 = Debug|Any CPU
		{6801DAD0-69E8-418C-843A-E76E3A8FFABE}.Debug|x86.ActiveCfg = Debug|Any CPU
		{6801DAD0-69E8-418C-843A-E76E3A8FFABE}.Debug|x86.Build.0 = Debug|Any CPU
		{6801DAD0-69E8-418C-843A-E76E3A8FFABE}.Release|Any CPU.ActiveCfg = Release|Any CPU
		{6801DAD0-69E8-418C-843A-E76E3A8FFABE}.Release|Any CPU.Build.0 = Release|Any CPU
		{6801DAD0-69E8-418C-843A-E76E3A8FFABE}.Release|x86.ActiveCfg = Release|Any CPU
		{6801DAD0-69E8-418C-843A-E76E3A8FFABE}.Release|x86.Build.0 = Release|Any CPU
	EndGlobalSection
	GlobalSection(SolutionProperties) = preSolution
		HideSolutionNode = FALSE
	EndGlobalSection
EndGlobal
